{
  "name": "gb_node",
  "version": "1.0.0",
  "lockfileVersion": 1,
  "requires": true,
  "dependencies": {
    "ansi": {
      "version": "0.3.1",
      "resolved": "https://registry.npmjs.org/ansi/-/ansi-0.3.1.tgz",
      "integrity": "sha1-DELU+xcWDVqa8eSEus4cZpIsGyE="
    },
    "baudio": {
      "version": "0.1.2",
      "resolved": "https://registry.npmjs.org/baudio/-/baudio-0.1.2.tgz",
      "integrity": "sha1-Gsg724/PRAj3ULzLgRnrOGPs+5Q=",
      "requires": {
        "inherits": "~1.0.0"
      }
    },
    "colors-mini": {
      "version": "1.0.2",
      "resolved": "https://registry.npmjs.org/colors-mini/-/colors-mini-1.0.2.tgz",
      "integrity": "sha1-Psg6GDzpJaSpdnWfjvJC9IPLGAk="
    },
    "commander": {
      "version": "2.20.3",
      "resolved": "https://registry.npmjs.org/commander/-/commander-2.20.3.tgz",
      "integrity": "sha512-GpVkmM8vF2vQUkj2LvZmD35JxeJOLCwJ9cUkugyk2nuhbv3+mJvpLYYt+0+USMxE+oj+ey/lJEnhZw75x/OMcQ=="
    },
    "inherits": {
      "version": "1.0.0",
      "resolved": "https://registry.npmjs.org/inherits/-/inherits-1.0.0.tgz",
      "integrity": "sha1-OOGXUoW/H3upyE2hArsSdxMirEg="
    },
    "lodash.toarray": {
      "version": "4.4.0",
      "resolved": "https://registry.npmjs.org/lodash.toarray/-/lodash.toarray-4.4.0.tgz",
      "integrity": "sha1-JMS/zWsvuji/0FlNsRedjptlZWE="
    },
    "lucky": {
      "version": "1.1.0",
      "resolved": "https://registry.npmjs.org/lucky/-/lucky-1.1.0.tgz",
      "integrity": "sha1-80BtIhxSCUI1aUBw2TUgf2UhOqo=",
      "requires": {
        "colors-mini": "^1.0.2",
        "commander": "^2.9.0"
      }
    },
    "node-emoji": {
      "version": "1.10.0",
      "resolved": "https://registry.npmjs.org/node-emoji/-/node-emoji-1.10.0.tgz",
      "integrity": "sha512-Yt3384If5H6BYGVHiHwTL+99OzJKHhgp82S8/dktEK73T26BazdgZ4JZh92xSVtGNJvz9UbXdNAc5hcrXV42vw==",
      "requires": {
        "lodash.toarray": "^4.4.0"
      }
    },
    "pizzicato": {
      "version": "0.6.4",
      "resolved": "https://registry.npmjs.org/pizzicato/-/pizzicato-0.6.4.tgz",
      "integrity": "sha512-1Y4UGnhdBvCoeRTt4Cor/zPRsH/pEAGsBESy0zeR8mH2i2piJRQLEEctkzUJGo6h64GiepZy+LFaJ/a3riR+WA=="
    },
    "voice": {
      "version": "0.0.0",
      "resolved": "https://registry.npmjs.org/voice/-/voice-0.0.0.tgz",
      "integrity": "sha1-eABjClAFVJbBbuYd7M7ydiWwUbA=",
      "requires": {
        "baudio": "0.1.2",
        "inherits": "1.0.0"
      }
    }
  }
}
